
Microsoft Visual Studio Solution File, Format Version 12.00
# Visual Studio 15
VisualStudioVersion = 15.0.27004.2008
MinimumVisualStudioVersion = 10.0.40219.1
Project("{8BC9CEB8-8B4A-11D0-8D11-00A0C91BC942}") = "1512138_Hook", "1512138_Hook\1512138_Hook.vcxproj", "{863FCEAB-1B5F-4788-9B63-2E8D5DA564E1}"
EndProject
Project("{8BC9CEB8-8B4A-11D0-8D11-00A0C91BC942}") = "WindowsProject", "WindowsProject\WindowsProject.vcxproj", "{3AD8B3AE-467A-4E83-97F7-9151A5646890}"
EndProject
Global
	GlobalSection(SolutionConfigurationPlatforms) = preSolution
		Debug|x64 = Debug|x64
		Debug|x86 = Debug|x86
		Release|x64 = Release|x64
		Release|x86 = Release|x86
	EndGlobalSection
	GlobalSection(ProjectConfigurationPlatforms) = postSolution
		{863FCEAB-1B5F-4788-9B63-2E8D5DA564E1}.Debug|x64.ActiveCfg = Debug|x64
		{863FCEAB-1B5F-4788-9B63-2E8D5DA564E1}.Debug|x64.Build.0 = Debug|x64
		{863FCEAB-1B5F-4788-9B63-2E8D5DA564E1}.Debug|x86.ActiveCfg = Debug|Win32
		{863FCEAB-1B5F-4788-9B63-2E8D5DA564E1}.Debug|x86.Build.0 = Debug|Win32
		{863FCEAB-1B5F-4788-9B63-2E8D5DA564E1}.Release|x64.ActiveCfg = Release|x64
		{863FCEAB-1B5F-4788-9B63-2E8D5DA564E1}.Release|x64.Build.0 = Release|x64
		{863FCEAB-1B5F-4788-9B63-2E8D5DA564E1}.Release|x86.ActiveCfg = Release|Win32
		{863FCEAB-1B5F-4788-9B63-2E8D5DA564E1}.Release|x86.Build.0 = Release|Win32
		{3AD8B3AE-467A-4E83-97F7-9151A5646890}.Debug|x64.ActiveCfg = Debug|x64
		{3AD8B3AE-467A-4E83-97F7-9151A5646890}.Debug|x64.Build.0 = Debug|x64
		{3AD8B3AE-467A-4E83-97F7-9151A5646890}.Debug|x86.ActiveCfg = Debug|Win32
		{3AD8B3AE-467A-4E83-97F7-9151A5646890}.Debug|x86.Build.0 = Debug|Win32
		{3AD8B3AE-467A-4E83-97F7-9151A5646890}.Release|x64.ActiveCfg = Release|x64
		{3AD8B3AE-467A-4E83-97F7-9151A5646890}.Release|x64.Build.0 = Release|x64
		{3AD8B3AE-467A-4E83-97F7-9151A5646890}.Release|x86.ActiveCfg = Release|Win32
		{3AD8B3AE-467A-4E83-97F7-9151A5646890}.Release|x86.Build.0 = Release|Win32
	EndGlobalSection
	GlobalSection(SolutionProperties) = preSolution
		HideSolutionNode = FALSE
	EndGlobalSection
	GlobalSection(ExtensibilityGlobals) = postSolution
		SolutionGuid = {C307FCE2-E1D6-47C4-A647-C4E7AA70B60F}
	EndGlobalSection
EndGlobal
