
Microsoft Visual Studio Solution File, Format Version 12.00
# Visual Studio 15
VisualStudioVersion = 15.0.27004.2008
MinimumVisualStudioVersion = 10.0.40219.1
Project("{8BC9CEB8-8B4A-11D0-8D11-00A0C91BC942}") = "QuickLaunch", "QuickLaunch\QuickLaunch.vcxproj", "{20C4AC10-2FD8-4CC9-B6B5-D45FE953D0D4}"
EndProject
Global
	GlobalSection(SolutionConfigurationPlatforms) = preSolution
		Debug|x64 = Debug|x64
		Debug|x86 = Debug|x86
		Release|x64 = Release|x64
		Release|x86 = Release|x86
	EndGlobalSection
	GlobalSection(ProjectConfigurationPlatforms) = postSolution
		{20C4AC10-2FD8-4CC9-B6B5-D45FE953D0D4}.Debug|x64.ActiveCfg = Debug|x64
		{20C4AC10-2FD8-4CC9-B6B5-D45FE953D0D4}.Debug|x64.Build.0 = Debug|x64
		{20C4AC10-2FD8-4CC9-B6B5-D45FE953D0D4}.Debug|x86.ActiveCfg = Debug|Win32
		{20C4AC10-2FD8-4CC9-B6B5-D45FE953D0D4}.Debug|x86.Build.0 = Debug|Win32
		{20C4AC10-2FD8-4CC9-B6B5-D45FE953D0D4}.Release|x64.ActiveCfg = Release|x64
		{20C4AC10-2FD8-4CC9-B6B5-D45FE953D0D4}.Release|x64.Build.0 = Release|x64
		{20C4AC10-2FD8-4CC9-B6B5-D45FE953D0D4}.Release|x86.ActiveCfg = Release|Win32
		{20C4AC10-2FD8-4CC9-B6B5-D45FE953D0D4}.Release|x86.Build.0 = Release|Win32
	EndGlobalSection
	GlobalSection(SolutionProperties) = preSolution
		HideSolutionNode = FALSE
	EndGlobalSection
	GlobalSection(ExtensibilityGlobals) = postSolution
		SolutionGuid = {91B9543C-8A6D-45B4-9E97-C1F85432053B}
	EndGlobalSection
EndGlobal
